
Microsoft Visual Studio Solution File, Format Version 12.00
# Visual Studio Version 16
VisualStudioVersion = 16.0.30406.217
MinimumVisualStudioVersion = 10.0.40219.1
Project("{FAE04EC0-301F-11D3-BF4B-00C04F79EFBC}") = "Game", "Game\Game.csproj", "{B90E8325-6A9A-4033-94F2-FF5236EAD06C}"
EndProject
Global
	GlobalSection(SolutionConfigurationPlatforms) = preSolution
		Debug|Any CPU = Debug|Any CPU
		Release|Any CPU = Release|Any CPU
	EndGlobalSection
	GlobalSection(ProjectConfigurationPlatforms) = postSolution
		{B90E8325-6A9A-4033-94F2-FF5236EAD06C}.Debug|Any CPU.ActiveCfg = Debug|Any CPU
		{B90E8325-6A9A-4033-94F2-FF5236EAD06C}.Debug|Any CPU.Build.0 = Debug|Any CPU
		{B90E8325-6A9A-4033-94F2-FF5236EAD06C}.Release|Any CPU.ActiveCfg = Release|Any CPU
		{B90E8325-6A9A-4033-94F2-FF5236EAD06C}.Release|Any CPU.Build.0 = Release|Any CPU
	EndGlobalSection
	GlobalSection(SolutionProperties) = preSolution
		HideSolutionNode = FALSE
	EndGlobalSection
	GlobalSection(ExtensibilityGlobals) = postSolution
		SolutionGuid = {F42BB08C-05F2-494A-BE53-6F6E26E68B8E}
	EndGlobalSection
EndGlobal
